// !$*UTF8*$!
{
	archiveVersion = 1;
	classes = {
	};
	objectVersion = 77;
	objects = {

/* Begin PBXBuildFile section */
		3BCFF2A42DA9A3A500B8DA78 /* FirebaseAnalytics in Frameworks */ = {isa = PBXBuildFile; productRef = 3BCFF2A32DA9A3A500B8DA78 /* FirebaseAnalytics */; };
		3BCFF2A62DA9A3A500B8DA78 /* FirebaseAuth in Frameworks */ = {isa = PBXBuildFile; productRef = 3BCFF2A52DA9A3A500B8DA78 /* FirebaseAuth */; };
		3BCFF2AA2DA9A3A500B8DA78 /* FirebaseCore in Frameworks */ = {isa = PBXBuildFile; productRef = 3BCFF2A92DA9A3A500B8DA78 /* FirebaseCore */; };
		3BCFF2AC2DA9A3A500B8DA78 /* FirebaseDatabase in Frameworks */ = {isa = PBXBuildFile; productRef = 3BCFF2AB2DA9A3A500B8DA78 /* FirebaseDatabase */; };
		3BCFF2AE2DA9A3A500B8DA78 /* FirebaseFirestore in Frameworks */ = {isa = PBXBuildFile; productRef = 3BCFF2AD2DA9A3A500B8DA78 /* FirebaseFirestore */; };
		3BCFF2B02DA9A3A500B8DA78 /* FirebaseFunctions in Frameworks */ = {isa = PBXBuildFile; productRef = 3BCFF2AF2DA9A3A500B8DA78 /* FirebaseFunctions */; };
		3BCFF2B22DA9A3A500B8DA78 /* FirebaseMLModelDownloader in Frameworks */ = {isa = PBXBuildFile; productRef = 3BCFF2B12DA9A3A500B8DA78 /* FirebaseMLModelDownloader */; };
		3BCFF3882DAC97A800B8DA78 /* GoogleSignIn in Frameworks */ = {isa = PBXBuildFile; productRef = 3BCFF3872DAC97A800B8DA78 /* GoogleSignIn */; };
		3BCFF38A2DAC97A800B8DA78 /* GoogleSignInSwift in Frameworks */ = {isa = PBXBuildFile; productRef = 3BCFF3892DAC97A800B8DA78 /* GoogleSignInSwift */; };
		3BCFF3962DAC9EE500B8DA78 /* GoogleAPIClientForREST_Gmail in Frameworks */ = {isa = PBXBuildFile; productRef = 3BCFF3952DAC9EE500B8DA78 /* GoogleAPIClientForREST_Gmail */; };
		3BCFF3992DAC9FEB00B8DA78 /* GoogleAPIClientForRESTCore in Frameworks */ = {isa = PBXBuildFile; productRef = 3BCFF3982DAC9FEB00B8DA78 /* GoogleAPIClientForRESTCore */; };
		3BFC1F972DB72CBB00EC2063 /* Auth in Frameworks */ = {isa = PBXBuildFile; productRef = 3BFC1F962DB72CBB00EC2063 /* Auth */; };
		3BFC1F992DB72CBB00EC2063 /* Functions in Frameworks */ = {isa = PBXBuildFile; productRef = 3BFC1F982DB72CBB00EC2063 /* Functions */; };
		3BFC1F9B2DB72CBB00EC2063 /* PostgREST in Frameworks */ = {isa = PBXBuildFile; productRef = 3BFC1F9A2DB72CBB00EC2063 /* PostgREST */; };
		3BFC1F9D2DB72CBB00EC2063 /* Realtime in Frameworks */ = {isa = PBXBuildFile; productRef = 3BFC1F9C2DB72CBB00EC2063 /* Realtime */; };
		3BFC1F9F2DB72CBB00EC2063 /* Storage in Frameworks */ = {isa = PBXBuildFile; productRef = 3BFC1F9E2DB72CBB00EC2063 /* Storage */; };
		3BFC1FA12DB72CBB00EC2063 /* Supabase in Frameworks */ = {isa = PBXBuildFile; productRef = 3BFC1FA02DB72CBB00EC2063 /* Supabase */; };
/* End PBXBuildFile section */

/* Begin PBXContainerItemProxy section */
		3B2C5D4E2DA6282B009C50AA /* PBXContainerItemProxy */ = {
			isa = PBXContainerItemProxy;
			containerPortal = 3B2C5D312DA62829009C50AA /* Project object */;
			proxyType = 1;
			remoteGlobalIDString = 3B2C5D382DA62829009C50AA;
			remoteInfo = OneTracker;
		};
		3B2C5D582DA6282B009C50AA /* PBXContainerItemProxy */ = {
			isa = PBXContainerItemProxy;
			containerPortal = 3B2C5D312DA62829009C50AA /* Project object */;
			proxyType = 1;
			remoteGlobalIDString = 3B2C5D382DA62829009C50AA;
			remoteInfo = OneTracker;
		};
/* End PBXContainerItemProxy section */

/* Begin PBXFileReference section */
		3B2C5D392DA62829009C50AA /* Nimbus.app */ = {isa = PBXFileReference; explicitFileType = wrapper.application; includeInIndex = 0; path = Nimbus.app; sourceTree = BUILT_PRODUCTS_DIR; };
		3B2C5D4D2DA6282B009C50AA /* NimbusTests.xctest */ = {isa = PBXFileReference; explicitFileType = wrapper.cfbundle; includeInIndex = 0; path = NimbusTests.xctest; sourceTree = BUILT_PRODUCTS_DIR; };
		3B2C5D572DA6282B009C50AA /* NimbusUITests.xctest */ = {isa = PBXFileReference; explicitFileType = wrapper.cfbundle; includeInIndex = 0; path = NimbusUITests.xctest; sourceTree = BUILT_PRODUCTS_DIR; };
/* End PBXFileReference section */

/* Begin PBXFileSystemSynchronizedBuildFileExceptionSet section */
		3B2C5D5F2DA6282B009C50AA /* Exceptions for "Nimbus" folder in "Nimbus" target */ = {
			isa = PBXFileSystemSynchronizedBuildFileExceptionSet;
			membershipExceptions = (
				Info.plist,
			);
			target = 3B2C5D382DA62829009C50AA /* Nimbus */;
		};
/* End PBXFileSystemSynchronizedBuildFileExceptionSet section */

/* Begin PBXFileSystemSynchronizedRootGroup section */
		3B2C5D3B2DA62829009C50AA /* Nimbus */ = {
			isa = PBXFileSystemSynchronizedRootGroup;
			exceptions = (
				3B2C5D5F2DA6282B009C50AA /* Exceptions for "Nimbus" folder in "Nimbus" target */,
			);
			path = Nimbus;
			sourceTree = "<group>";
		};
		3B2C5D502DA6282B009C50AA /* NimbusTests */ = {
			isa = PBXFileSystemSynchronizedRootGroup;
			path = NimbusTests;
			sourceTree = "<group>";
		};
		3B2C5D5A2DA6282B009C50AA /* NimbusUITests */ = {
			isa = PBXFileSystemSynchronizedRootGroup;
			path = NimbusUITests;
			sourceTree = "<group>";
		};
/* End PBXFileSystemSynchronizedRootGroup section */

/* Begin PBXFrameworksBuildPhase section */
		3B2C5D362DA62829009C50AA /* Frameworks */ = {
			isa = PBXFrameworksBuildPhase;
			buildActionMask = 2147483647;
			files = (
				3BFC1F992DB72CBB00EC2063 /* Functions in Frameworks */,
				3BCFF2AC2DA9A3A500B8DA78 /* FirebaseDatabase in Frameworks */,
				3BFC1F9B2DB72CBB00EC2063 /* PostgREST in Frameworks */,
				3BFC1F9D2DB72CBB00EC2063 /* Realtime in Frameworks */,
				3BCFF2A42DA9A3A500B8DA78 /* FirebaseAnalytics in Frameworks */,
				3BFC1F972DB72CBB00EC2063 /* Auth in Frameworks */,
				3BCFF2AA2DA9A3A500B8DA78 /* FirebaseCore in Frameworks */,
				3BCFF2B02DA9A3A500B8DA78 /* FirebaseFunctions in Frameworks */,
				3BCFF2A62DA9A3A500B8DA78 /* FirebaseAuth in Frameworks */,
				3BCFF38A2DAC97A800B8DA78 /* GoogleSignInSwift in Frameworks */,
				3BCFF3962DAC9EE500B8DA78 /* GoogleAPIClientForREST_Gmail in Frameworks */,
				3BFC1FA12DB72CBB00EC2063 /* Supabase in Frameworks */,
				3BCFF2B22DA9A3A500B8DA78 /* FirebaseMLModelDownloader in Frameworks */,
				3BFC1F9F2DB72CBB00EC2063 /* Storage in Frameworks */,
				3BCFF2AE2DA9A3A500B8DA78 /* FirebaseFirestore in Frameworks */,
				3BCFF3992DAC9FEB00B8DA78 /* GoogleAPIClientForRESTCore in Frameworks */,
				3BCFF3882DAC97A800B8DA78 /* GoogleSignIn in Frameworks */,
			);
			runOnlyForDeploymentPostprocessing = 0;
		};
		3B2C5D4A2DA6282B009C50AA /* Frameworks */ = {
			isa = PBXFrameworksBuildPhase;
			buildActionMask = 2147483647;
			files = (
			);
			runOnlyForDeploymentPostprocessing = 0;
		};
		3B2C5D542DA6282B009C50AA /* Frameworks */ = {
			isa = PBXFrameworksBuildPhase;
			buildActionMask = 2147483647;
			files = (
			);
			runOnlyForDeploymentPostprocessing = 0;
		};
/* End PBXFrameworksBuildPhase section */

/* Begin PBXGroup section */
		3B2C5D302DA62829009C50AA = {
			isa = PBXGroup;
			children = (
				3B2C5D3B2DA62829009C50AA /* Nimbus */,
				3B2C5D502DA6282B009C50AA /* NimbusTests */,
				3B2C5D5A2DA6282B009C50AA /* NimbusUITests */,
				3BCFF3972DAC9F6D00B8DA78 /* Frameworks */,
				3B2C5D3A2DA62829009C50AA /* Products */,
			);
			sourceTree = "<group>";
		};
		3B2C5D3A2DA62829009C50AA /* Products */ = {
			isa = PBXGroup;
			children = (
				3B2C5D392DA62829009C50AA /* Nimbus.app */,
				3B2C5D4D2DA6282B009C50AA /* NimbusTests.xctest */,
				3B2C5D572DA6282B009C50AA /* NimbusUITests.xctest */,
			);
			name = Products;
			sourceTree = "<group>";
		};
		3BCFF3972DAC9F6D00B8DA78 /* Frameworks */ = {
			isa = PBXGroup;
			children = (
			);
			name = Frameworks;
			sourceTree = "<group>";
		};
/* End PBXGroup section */

/* Begin PBXNativeTarget section */
		3B2C5D382DA62829009C50AA /* Nimbus */ = {
			isa = PBXNativeTarget;
			buildConfigurationList = 3B2C5D602DA6282B009C50AA /* Build configuration list for PBXNativeTarget "Nimbus" */;
			buildPhases = (
				3B2C5D352DA62829009C50AA /* Sources */,
				3B2C5D362DA62829009C50AA /* Frameworks */,
				3B2C5D372DA62829009C50AA /* Resources */,
			);
			buildRules = (
			);
			dependencies = (
			);
			fileSystemSynchronizedGroups = (
				3B2C5D3B2DA62829009C50AA /* Nimbus */,
			);
			name = Nimbus;
			packageProductDependencies = (
				3BCFF2A32DA9A3A500B8DA78 /* FirebaseAnalytics */,
				3BCFF2A52DA9A3A500B8DA78 /* FirebaseAuth */,
				3BCFF2A92DA9A3A500B8DA78 /* FirebaseCore */,
				3BCFF2AB2DA9A3A500B8DA78 /* FirebaseDatabase */,
				3BCFF2AD2DA9A3A500B8DA78 /* FirebaseFirestore */,
				3BCFF2AF2DA9A3A500B8DA78 /* FirebaseFunctions */,
				3BCFF2B12DA9A3A500B8DA78 /* FirebaseMLModelDownloader */,
				3BCFF3872DAC97A800B8DA78 /* GoogleSignIn */,
				3BCFF3892DAC97A800B8DA78 /* GoogleSignInSwift */,
				3BCFF3952DAC9EE500B8DA78 /* GoogleAPIClientForREST_Gmail */,
				3BCFF3982DAC9FEB00B8DA78 /* GoogleAPIClientForRESTCore */,
				3BFC1F962DB72CBB00EC2063 /* Auth */,
				3BFC1F982DB72CBB00EC2063 /* Functions */,
				3BFC1F9A2DB72CBB00EC2063 /* PostgREST */,
				3BFC1F9C2DB72CBB00EC2063 /* Realtime */,
				3BFC1F9E2DB72CBB00EC2063 /* Storage */,
				3BFC1FA02DB72CBB00EC2063 /* Supabase */,
			);
			productName = OneTracker;
			productReference = 3B2C5D392DA62829009C50AA /* Nimbus.app */;
			productType = "com.apple.product-type.application";
		};
		3B2C5D4C2DA6282B009C50AA /* NimbusTests */ = {
			isa = PBXNativeTarget;
			buildConfigurationList = 3B2C5D652DA6282B009C50AA /* Build configuration list for PBXNativeTarget "NimbusTests" */;
			buildPhases = (
				3B2C5D492DA6282B009C50AA /* Sources */,
				3B2C5D4A2DA6282B009C50AA /* Frameworks */,
				3B2C5D4B2DA6282B009C50AA /* Resources */,
			);
			buildRules = (
			);
			dependencies = (
				3B2C5D4F2DA6282B009C50AA /* PBXTargetDependency */,
			);
			fileSystemSynchronizedGroups = (
				3B2C5D502DA6282B009C50AA /* NimbusTests */,
			);
			name = NimbusTests;
			packageProductDependencies = (
			);
			productName = OneTrackerTests;
			productReference = 3B2C5D4D2DA6282B009C50AA /* NimbusTests.xctest */;
			productType = "com.apple.product-type.bundle.unit-test";
		};
		3B2C5D562DA6282B009C50AA /* NimbusUITests */ = {
			isa = PBXNativeTarget;
			buildConfigurationList = 3B2C5D682DA6282B009C50AA /* Build configuration list for PBXNativeTarget "NimbusUITests" */;
			buildPhases = (
				3B2C5D532DA6282B009C50AA /* Sources */,
				3B2C5D542DA6282B009C50AA /* Frameworks */,
				3B2C5D552DA6282B009C50AA /* Resources */,
			);
			buildRules = (
			);
			dependencies = (
				3B2C5D592DA6282B009C50AA /* PBXTargetDependency */,
			);
			fileSystemSynchronizedGroups = (
				3B2C5D5A2DA6282B009C50AA /* NimbusUITests */,
			);
			name = NimbusUITests;
			packageProductDependencies = (
			);
			productName = OneTrackerUITests;
			productReference = 3B2C5D572DA6282B009C50AA /* NimbusUITests.xctest */;
			productType = "com.apple.product-type.bundle.ui-testing";
		};
/* End PBXNativeTarget section */

/* Begin PBXProject section */
		3B2C5D312DA62829009C50AA /* Project object */ = {
			isa = PBXProject;
			attributes = {
				BuildIndependentTargetsInParallel = 1;
				LastSwiftUpdateCheck = 1620;
				LastUpgradeCheck = 1620;
				TargetAttributes = {
					3B2C5D382DA62829009C50AA = {
						CreatedOnToolsVersion = 16.2;
					};
					3B2C5D4C2DA6282B009C50AA = {
						CreatedOnToolsVersion = 16.2;
						TestTargetID = 3B2C5D382DA62829009C50AA;
					};
					3B2C5D562DA6282B009C50AA = {
						CreatedOnToolsVersion = 16.2;
						TestTargetID = 3B2C5D382DA62829009C50AA;
					};
				};
			};
			buildConfigurationList = 3B2C5D342DA62829009C50AA /* Build configuration list for PBXProject "Nimbus" */;
			developmentRegion = en;
			hasScannedForEncodings = 0;
			knownRegions = (
				en,
				Base,
			);
			mainGroup = 3B2C5D302DA62829009C50AA;
			minimizedProjectReferenceProxies = 1;
			packageReferences = (
				3BCFF2A22DA9A3A500B8DA78 /* XCRemoteSwiftPackageReference "firebase-ios-sdk" */,
				3BCFF3862DAC97A800B8DA78 /* XCRemoteSwiftPackageReference "GoogleSignIn-iOS" */,
				3BCFF3942DAC9EE500B8DA78 /* XCRemoteSwiftPackageReference "google-api-objectivec-client-for-rest" */,
				3BFC1F952DB72CBB00EC2063 /* XCRemoteSwiftPackageReference "supabase-swift" */,
			);
			preferredProjectObjectVersion = 77;
			productRefGroup = 3B2C5D3A2DA62829009C50AA /* Products */;
			projectDirPath = "";
			projectRoot = "";
			targets = (
				3B2C5D382DA62829009C50AA /* Nimbus */,
				3B2C5D4C2DA6282B009C50AA /* NimbusTests */,
				3B2C5D562DA6282B009C50AA /* NimbusUITests */,
			);
		};
/* End PBXProject section */

/* Begin PBXResourcesBuildPhase section */
		3B2C5D372DA62829009C50AA /* Resources */ = {
			isa = PBXResourcesBuildPhase;
			buildActionMask = 2147483647;
			files = (
			);
			runOnlyForDeploymentPostprocessing = 0;
		};
		3B2C5D4B2DA6282B009C50AA /* Resources */ = {
			isa = PBXResourcesBuildPhase;
			buildActionMask = 2147483647;
			files = (
			);
			runOnlyForDeploymentPostprocessing = 0;
		};
		3B2C5D552DA6282B009C50AA /* Resources */ = {
			isa = PBXResourcesBuildPhase;
			buildActionMask = 2147483647;
			files = (
			);
			runOnlyForDeploymentPostprocessing = 0;
		};
/* End PBXResourcesBuildPhase section */

/* Begin PBXSourcesBuildPhase section */
		3B2C5D352DA62829009C50AA /* Sources */ = {
			isa = PBXSourcesBuildPhase;
			buildActionMask = 2147483647;
			files = (
			);
			runOnlyForDeploymentPostprocessing = 0;
		};
		3B2C5D492DA6282B009C50AA /* Sources */ = {
			isa = PBXSourcesBuildPhase;
			buildActionMask = 2147483647;
			files = (
			);
			runOnlyForDeploymentPostprocessing = 0;
		};
		3B2C5D532DA6282B009C50AA /* Sources */ = {
			isa = PBXSourcesBuildPhase;
			buildActionMask = 2147483647;
			files = (
			);
			runOnlyForDeploymentPostprocessing = 0;
		};
/* End PBXSourcesBuildPhase section */

/* Begin PBXTargetDependency section */
		3B2C5D4F2DA6282B009C50AA /* PBXTargetDependency */ = {
			isa = PBXTargetDependency;
			target = 3B2C5D382DA62829009C50AA /* Nimbus */;
			targetProxy = 3B2C5D4E2DA6282B009C50AA /* PBXContainerItemProxy */;
		};
		3B2C5D592DA6282B009C50AA /* PBXTargetDependency */ = {
			isa = PBXTargetDependency;
			target = 3B2C5D382DA62829009C50AA /* Nimbus */;
			targetProxy = 3B2C5D582DA6282B009C50AA /* PBXContainerItemProxy */;
		};
/* End PBXTargetDependency section */

/* Begin XCBuildConfiguration section */
		3B2C5D612DA6282B009C50AA /* Debug */ = {
			isa = XCBuildConfiguration;
			buildSettings = {
				ASSETCATALOG_COMPILER_APPICON_NAME = AppIcon;
				ASSETCATALOG_COMPILER_GLOBAL_ACCENT_COLOR_NAME = AccentColor;
				ASSETCATALOG_COMPILER_INCLUDE_ALL_APPICON_ASSETS = YES;
				CODE_SIGN_ENTITLEMENTS = Nimbus/Nimbus.entitlements;
				CODE_SIGN_STYLE = Automatic;
				CURRENT_PROJECT_VERSION = 1;
				DEVELOPMENT_ASSET_PATHS = "\"Nimbus/Preview Content\"";
				DEVELOPMENT_TEAM = K794F89ADB;
				ENABLE_PREVIEWS = YES;
				GENERATE_INFOPLIST_FILE = YES;
				INFOPLIST_FILE = Nimbus/Info.plist;
				INFOPLIST_KEY_CFBundleDisplayName = Nimbus;
				INFOPLIST_KEY_UIApplicationSupportsIndirectInputEvents = YES;
				INFOPLIST_KEY_UILaunchScreen_Generation = YES;
				INFOPLIST_KEY_UISupportedInterfaceOrientations = UIInterfaceOrientationPortrait;
				IPHONEOS_DEPLOYMENT_TARGET = 17.6;
				LD_RUNPATH_SEARCH_PATHS = (
					"$(inherited)",
					"@executable_path/Frameworks",
				);
				MARKETING_VERSION = 1.0;
				PRODUCT_BUNDLE_IDENTIFIER = com.EclipseStudio.NimbusMail;
				PRODUCT_NAME = "$(TARGET_NAME)";
				SUPPORTED_PLATFORMS = "iphoneos iphonesimulator";
				SUPPORTS_MACCATALYST = NO;
				SUPPORTS_MAC_DESIGNED_FOR_IPHONE_IPAD = NO;
				SUPPORTS_XR_DESIGNED_FOR_IPHONE_IPAD = NO;
				SWIFT_EMIT_LOC_STRINGS = YES;
				SWIFT_VERSION = 5.0;
				TARGETED_DEVICE_FAMILY = 1;
			};
			name = Debug;
		};
		3B2C5D622DA6282B009C50AA /* Release */ = {
			isa = XCBuildConfiguration;
			buildSettings = {
				ASSETCATALOG_COMPILER_APPICON_NAME = AppIcon;
				ASSETCATALOG_COMPILER_GLOBAL_ACCENT_COLOR_NAME = AccentColor;
				ASSETCATALOG_COMPILER_INCLUDE_ALL_APPICON_ASSETS = YES;
				CODE_SIGN_ENTITLEMENTS = Nimbus/Nimbus.entitlements;
				CODE_SIGN_STYLE = Automatic;
				CURRENT_PROJECT_VERSION = 1;
				DEVELOPMENT_ASSET_PATHS = "\"Nimbus/Preview Content\"";
				DEVELOPMENT_TEAM = K794F89ADB;
				ENABLE_PREVIEWS = YES;
				GENERATE_INFOPLIST_FILE = YES;
				INFOPLIST_FILE = Nimbus/Info.plist;
				INFOPLIST_KEY_CFBundleDisplayName = Nimbus;
				INFOPLIST_KEY_UIApplicationSupportsIndirectInputEvents = YES;
				INFOPLIST_KEY_UILaunchScreen_Generation = YES;
				INFOPLIST_KEY_UISupportedInterfaceOrientations = UIInterfaceOrientationPortrait;
				IPHONEOS_DEPLOYMENT_TARGET = 17.6;
				LD_RUNPATH_SEARCH_PATHS = (
					"$(inherited)",
					"@executable_path/Frameworks",
				);
				MARKETING_VERSION = 1.0;
				PRODUCT_BUNDLE_IDENTIFIER = com.EclipseStudio.NimbusMail;
				PRODUCT_NAME = "$(TARGET_NAME)";
				SUPPORTED_PLATFORMS = "iphoneos iphonesimulator";
				SUPPORTS_MACCATALYST = NO;
				SUPPORTS_MAC_DESIGNED_FOR_IPHONE_IPAD = NO;
				SUPPORTS_XR_DESIGNED_FOR_IPHONE_IPAD = NO;
				SWIFT_EMIT_LOC_STRINGS = YES;
				SWIFT_VERSION = 5.0;
				TARGETED_DEVICE_FAMILY = 1;
			};
			name = Release;
		};
		3B2C5D632DA6282B009C50AA /* Debug */ = {
			isa = XCBuildConfiguration;
			buildSettings = {
				ALWAYS_SEARCH_USER_PATHS = NO;
				ASSETCATALOG_COMPILER_GENERATE_SWIFT_ASSET_SYMBOL_EXTENSIONS = YES;
				CLANG_ANALYZER_NONNULL = YES;
				CLANG_ANALYZER_NUMBER_OBJECT_CONVERSION = YES_AGGRESSIVE;
				CLANG_CXX_LANGUAGE_STANDARD = "gnu++20";
				CLANG_ENABLE_MODULES = YES;
				CLANG_ENABLE_OBJC_ARC = YES;
				CLANG_ENABLE_OBJC_WEAK = YES;
				CLANG_WARN_BLOCK_CAPTURE_AUTORELEASING = YES;
				CLANG_WARN_BOOL_CONVERSION = YES;
				CLANG_WARN_COMMA = YES;
				CLANG_WARN_CONSTANT_CONVERSION = YES;
				CLANG_WARN_DEPRECATED_OBJC_IMPLEMENTATIONS = YES;
				CLANG_WARN_DIRECT_OBJC_ISA_USAGE = YES_ERROR;
				CLANG_WARN_DOCUMENTATION_COMMENTS = YES;
				CLANG_WARN_EMPTY_BODY = YES;
				CLANG_WARN_ENUM_CONVERSION = YES;
				CLANG_WARN_INFINITE_RECURSION = YES;
				CLANG_WARN_INT_CONVERSION = YES;
				CLANG_WARN_NON_LITERAL_NULL_CONVERSION = YES;
				CLANG_WARN_OBJC_IMPLICIT_RETAIN_SELF = YES;
				CLANG_WARN_OBJC_LITERAL_CONVERSION = YES;
				CLANG_WARN_OBJC_ROOT_CLASS = YES_ERROR;
				CLANG_WARN_QUOTED_INCLUDE_IN_FRAMEWORK_HEADER = YES;
				CLANG_WARN_RANGE_LOOP_ANALYSIS = YES;
				CLANG_WARN_STRICT_PROTOTYPES = YES;
				CLANG_WARN_SUSPICIOUS_MOVE = YES;
				CLANG_WARN_UNGUARDED_AVAILABILITY = YES_AGGRESSIVE;
				CLANG_WARN_UNREACHABLE_CODE = YES;
				CLANG_WARN__DUPLICATE_METHOD_MATCH = YES;
				COPY_PHASE_STRIP = NO;
				DEBUG_INFORMATION_FORMAT = dwarf;
				ENABLE_STRICT_OBJC_MSGSEND = YES;
				ENABLE_TESTABILITY = YES;
				ENABLE_USER_SCRIPT_SANDBOXING = YES;
				GCC_C_LANGUAGE_STANDARD = gnu17;
				GCC_DYNAMIC_NO_PIC = NO;
				GCC_NO_COMMON_BLOCKS = YES;
				GCC_OPTIMIZATION_LEVEL = 0;
				GCC_PREPROCESSOR_DEFINITIONS = (
					"DEBUG=1",
					"$(inherited)",
				);
				GCC_WARN_64_TO_32_BIT_CONVERSION = YES;
				GCC_WARN_ABOUT_RETURN_TYPE = YES_ERROR;
				GCC_WARN_UNDECLARED_SELECTOR = YES;
				GCC_WARN_UNINITIALIZED_AUTOS = YES_AGGRESSIVE;
				GCC_WARN_UNUSED_FUNCTION = YES;
				GCC_WARN_UNUSED_VARIABLE = YES;
				IPHONEOS_DEPLOYMENT_TARGET = 18.2;
				LOCALIZATION_PREFERS_STRING_CATALOGS = YES;
				MTL_ENABLE_DEBUG_INFO = INCLUDE_SOURCE;
				MTL_FAST_MATH = YES;
				ONLY_ACTIVE_ARCH = YES;
				SDKROOT = iphoneos;
				SWIFT_ACTIVE_COMPILATION_CONDITIONS = "DEBUG $(inherited)";
				SWIFT_OPTIMIZATION_LEVEL = "-Onone";
			};
			name = Debug;
		};
		3B2C5D642DA6282B009C50AA /* Release */ = {
			isa = XCBuildConfiguration;
			buildSettings = {
				ALWAYS_SEARCH_USER_PATHS = NO;
				ASSETCATALOG_COMPILER_GENERATE_SWIFT_ASSET_SYMBOL_EXTENSIONS = YES;
				CLANG_ANALYZER_NONNULL = YES;
				CLANG_ANALYZER_NUMBER_OBJECT_CONVERSION = YES_AGGRESSIVE;
				CLANG_CXX_LANGUAGE_STANDARD = "gnu++20";
				CLANG_ENABLE_MODULES = YES;
				CLANG_ENABLE_OBJC_ARC = YES;
				CLANG_ENABLE_OBJC_WEAK = YES;
				CLANG_WARN_BLOCK_CAPTURE_AUTORELEASING = YES;
				CLANG_WARN_BOOL_CONVERSION = YES;
				CLANG_WARN_COMMA = YES;
				CLANG_WARN_CONSTANT_CONVERSION = YES;
				CLANG_WARN_DEPRECATED_OBJC_IMPLEMENTATIONS = YES;
				CLANG_WARN_DIRECT_OBJC_ISA_USAGE = YES_ERROR;
				CLANG_WARN_DOCUMENTATION_COMMENTS = YES;
				CLANG_WARN_EMPTY_BODY = YES;
				CLANG_WARN_ENUM_CONVERSION = YES;
				CLANG_WARN_INFINITE_RECURSION = YES;
				CLANG_WARN_INT_CONVERSION = YES;
				CLANG_WARN_NON_LITERAL_NULL_CONVERSION = YES;
				CLANG_WARN_OBJC_IMPLICIT_RETAIN_SELF = YES;
				CLANG_WARN_OBJC_LITERAL_CONVERSION = YES;
				CLANG_WARN_OBJC_ROOT_CLASS = YES_ERROR;
				CLANG_WARN_QUOTED_INCLUDE_IN_FRAMEWORK_HEADER = YES;
				CLANG_WARN_RANGE_LOOP_ANALYSIS = YES;
				CLANG_WARN_STRICT_PROTOTYPES = YES;
				CLANG_WARN_SUSPICIOUS_MOVE = YES;
				CLANG_WARN_UNGUARDED_AVAILABILITY = YES_AGGRESSIVE;
				CLANG_WARN_UNREACHABLE_CODE = YES;
				CLANG_WARN__DUPLICATE_METHOD_MATCH = YES;
				COPY_PHASE_STRIP = NO;
				DEBUG_INFORMATION_FORMAT = "dwarf-with-dsym";
				ENABLE_NS_ASSERTIONS = NO;
				ENABLE_STRICT_OBJC_MSGSEND = YES;
				ENABLE_USER_SCRIPT_SANDBOXING = YES;
				GCC_C_LANGUAGE_STANDARD = gnu17;
				GCC_NO_COMMON_BLOCKS = YES;
				GCC_WARN_64_TO_32_BIT_CONVERSION = YES;
				GCC_WARN_ABOUT_RETURN_TYPE = YES_ERROR;
				GCC_WARN_UNDECLARED_SELECTOR = YES;
				GCC_WARN_UNINITIALIZED_AUTOS = YES_AGGRESSIVE;
				GCC_WARN_UNUSED_FUNCTION = YES;
				GCC_WARN_UNUSED_VARIABLE = YES;
				IPHONEOS_DEPLOYMENT_TARGET = 18.2;
				LOCALIZATION_PREFERS_STRING_CATALOGS = YES;
				MTL_ENABLE_DEBUG_INFO = NO;
				MTL_FAST_MATH = YES;
				SDKROOT = iphoneos;
				SWIFT_COMPILATION_MODE = wholemodule;
				VALIDATE_PRODUCT = YES;
			};
			name = Release;
		};
		3B2C5D662DA6282B009C50AA /* Debug */ = {
			isa = XCBuildConfiguration;
			buildSettings = {
				BUNDLE_LOADER = "$(TEST_HOST)";
				CODE_SIGN_STYLE = Automatic;
				CURRENT_PROJECT_VERSION = 1;
				DEVELOPMENT_TEAM = K794F89ADB;
				GENERATE_INFOPLIST_FILE = YES;
				IPHONEOS_DEPLOYMENT_TARGET = 18.2;
				MARKETING_VERSION = 1.0;
				PRODUCT_BUNDLE_IDENTIFIER = com.EclipseStudio.OneTrackerTests;
				PRODUCT_NAME = "$(TARGET_NAME)";
				SWIFT_EMIT_LOC_STRINGS = NO;
				SWIFT_VERSION = 5.0;
				TARGETED_DEVICE_FAMILY = "1,2";
				TEST_HOST = "$(BUILT_PRODUCTS_DIR)/Nimbus.app/$(BUNDLE_EXECUTABLE_FOLDER_PATH)/Nimbus";
			};
			name = Debug;
		};
		3B2C5D672DA6282B009C50AA /* Release */ = {
			isa = XCBuildConfiguration;
			buildSettings = {
				BUNDLE_LOADER = "$(TEST_HOST)";
				CODE_SIGN_STYLE = Automatic;
				CURRENT_PROJECT_VERSION = 1;
				DEVELOPMENT_TEAM = K794F89ADB;
				GENERATE_INFOPLIST_FILE = YES;
				IPHONEOS_DEPLOYMENT_TARGET = 18.2;
				MARKETING_VERSION = 1.0;
				PRODUCT_BUNDLE_IDENTIFIER = com.EclipseStudio.OneTrackerTests;
				PRODUCT_NAME = "$(TARGET_NAME)";
				SWIFT_EMIT_LOC_STRINGS = NO;
				SWIFT_VERSION = 5.0;
				TARGETED_DEVICE_FAMILY = "1,2";
				TEST_HOST = "$(BUILT_PRODUCTS_DIR)/Nimbus.app/$(BUNDLE_EXECUTABLE_FOLDER_PATH)/Nimbus";
			};
			name = Release;
		};
		3B2C5D692DA6282B009C50AA /* Debug */ = {
			isa = XCBuildConfiguration;
			buildSettings = {
				CODE_SIGN_STYLE = Automatic;
				CURRENT_PROJECT_VERSION = 1;
				DEVELOPMENT_TEAM = K794F89ADB;
				GENERATE_INFOPLIST_FILE = YES;
				MARKETING_VERSION = 1.0;
				PRODUCT_BUNDLE_IDENTIFIER = com.EclipseStudio.OneTrackerUITests;
				PRODUCT_NAME = "$(TARGET_NAME)";
				SWIFT_EMIT_LOC_STRINGS = NO;
				SWIFT_VERSION = 5.0;
				TARGETED_DEVICE_FAMILY = "1,2";
				TEST_TARGET_NAME = OneTracker;
			};
			name = Debug;
		};
		3B2C5D6A2DA6282B009C50AA /* Release */ = {
			isa = XCBuildConfiguration;
			buildSettings = {
				CODE_SIGN_STYLE = Automatic;
				CURRENT_PROJECT_VERSION = 1;
				DEVELOPMENT_TEAM = K794F89ADB;
				GENERATE_INFOPLIST_FILE = YES;
				MARKETING_VERSION = 1.0;
				PRODUCT_BUNDLE_IDENTIFIER = com.EclipseStudio.OneTrackerUITests;
				PRODUCT_NAME = "$(TARGET_NAME)";
				SWIFT_EMIT_LOC_STRINGS = NO;
				SWIFT_VERSION = 5.0;
				TARGETED_DEVICE_FAMILY = "1,2";
				TEST_TARGET_NAME = OneTracker;
			};
			name = Release;
		};
/* End XCBuildConfiguration section */

/* Begin XCConfigurationList section */
		3B2C5D342DA62829009C50AA /* Build configuration list for PBXProject "Nimbus" */ = {
			isa = XCConfigurationList;
			buildConfigurations = (
				3B2C5D632DA6282B009C50AA /* Debug */,
				3B2C5D642DA6282B009C50AA /* Release */,
			);
			defaultConfigurationIsVisible = 0;
			defaultConfigurationName = Release;
		};
		3B2C5D602DA6282B009C50AA /* Build configuration list for PBXNativeTarget "Nimbus" */ = {
			isa = XCConfigurationList;
			buildConfigurations = (
				3B2C5D612DA6282B009C50AA /* Debug */,
				3B2C5D622DA6282B009C50AA /* Release */,
			);
			defaultConfigurationIsVisible = 0;
			defaultConfigurationName = Release;
		};
		3B2C5D652DA6282B009C50AA /* Build configuration list for PBXNativeTarget "NimbusTests" */ = {
			isa = XCConfigurationList;
			buildConfigurations = (
				3B2C5D662DA6282B009C50AA /* Debug */,
				3B2C5D672DA6282B009C50AA /* Release */,
			);
			defaultConfigurationIsVisible = 0;
			defaultConfigurationName = Release;
		};
		3B2C5D682DA6282B009C50AA /* Build configuration list for PBXNativeTarget "NimbusUITests" */ = {
			isa = XCConfigurationList;
			buildConfigurations = (
				3B2C5D692DA6282B009C50AA /* Debug */,
				3B2C5D6A2DA6282B009C50AA /* Release */,
			);
			defaultConfigurationIsVisible = 0;
			defaultConfigurationName = Release;
		};
/* End XCConfigurationList section */

/* Begin XCRemoteSwiftPackageReference section */
		3BCFF2A22DA9A3A500B8DA78 /* XCRemoteSwiftPackageReference "firebase-ios-sdk" */ = {
			isa = XCRemoteSwiftPackageReference;
			repositoryURL = "https://github.com/firebase/firebase-ios-sdk";
			requirement = {
				kind = upToNextMajorVersion;
				minimumVersion = 11.11.0;
			};
		};
		3BCFF3862DAC97A800B8DA78 /* XCRemoteSwiftPackageReference "GoogleSignIn-iOS" */ = {
			isa = XCRemoteSwiftPackageReference;
			repositoryURL = "https://github.com/google/GoogleSignIn-iOS";
			requirement = {
				kind = upToNextMajorVersion;
				minimumVersion = 7.0.0;
			};
		};
		3BCFF3942DAC9EE500B8DA78 /* XCRemoteSwiftPackageReference "google-api-objectivec-client-for-rest" */ = {
			isa = XCRemoteSwiftPackageReference;
			repositoryURL = "https://github.com/google/google-api-objectivec-client-for-rest.git";
			requirement = {
				branch = main;
				kind = branch;
			};
		};
		3BFC1F952DB72CBB00EC2063 /* XCRemoteSwiftPackageReference "supabase-swift" */ = {
			isa = XCRemoteSwiftPackageReference;
			repositoryURL = "https://github.com/supabase/supabase-swift";
			requirement = {
				kind = upToNextMajorVersion;
				minimumVersion = 2.0.0;
			};
		};
/* End XCRemoteSwiftPackageReference section */

/* Begin XCSwiftPackageProductDependency section */
		3BCFF2A32DA9A3A500B8DA78 /* FirebaseAnalytics */ = {
			isa = XCSwiftPackageProductDependency;
			package = 3BCFF2A22DA9A3A500B8DA78 /* XCRemoteSwiftPackageReference "firebase-ios-sdk" */;
			productName = FirebaseAnalytics;
		};
		3BCFF2A52DA9A3A500B8DA78 /* FirebaseAuth */ = {
			isa = XCSwiftPackageProductDependency;
			package = 3BCFF2A22DA9A3A500B8DA78 /* XCRemoteSwiftPackageReference "firebase-ios-sdk" */;
			productName = FirebaseAuth;
		};
		3BCFF2A92DA9A3A500B8DA78 /* FirebaseCore */ = {
			isa = XCSwiftPackageProductDependency;
			package = 3BCFF2A22DA9A3A500B8DA78 /* XCRemoteSwiftPackageReference "firebase-ios-sdk" */;
			productName = FirebaseCore;
		};
		3BCFF2AB2DA9A3A500B8DA78 /* FirebaseDatabase */ = {
			isa = XCSwiftPackageProductDependency;
			package = 3BCFF2A22DA9A3A500B8DA78 /* XCRemoteSwiftPackageReference "firebase-ios-sdk" */;
			productName = FirebaseDatabase;
		};
		3BCFF2AD2DA9A3A500B8DA78 /* FirebaseFirestore */ = {
			isa = XCSwiftPackageProductDependency;
			package = 3BCFF2A22DA9A3A500B8DA78 /* XCRemoteSwiftPackageReference "firebase-ios-sdk" */;
			productName = FirebaseFirestore;
		};
		3BCFF2AF2DA9A3A500B8DA78 /* FirebaseFunctions */ = {
			isa = XCSwiftPackageProductDependency;
			package = 3BCFF2A22DA9A3A500B8DA78 /* XCRemoteSwiftPackageReference "firebase-ios-sdk" */;
			productName = FirebaseFunctions;
		};
		3BCFF2B12DA9A3A500B8DA78 /* FirebaseMLModelDownloader */ = {
			isa = XCSwiftPackageProductDependency;
			package = 3BCFF2A22DA9A3A500B8DA78 /* XCRemoteSwiftPackageReference "firebase-ios-sdk" */;
			productName = FirebaseMLModelDownloader;
		};
		3BCFF3872DAC97A800B8DA78 /* GoogleSignIn */ = {
			isa = XCSwiftPackageProductDependency;
			package = 3BCFF3862DAC97A800B8DA78 /* XCRemoteSwiftPackageReference "GoogleSignIn-iOS" */;
			productName = GoogleSignIn;
		};
		3BCFF3892DAC97A800B8DA78 /* GoogleSignInSwift */ = {
			isa = XCSwiftPackageProductDependency;
			package = 3BCFF3862DAC97A800B8DA78 /* XCRemoteSwiftPackageReference "GoogleSignIn-iOS" */;
			productName = GoogleSignInSwift;
		};
		3BCFF3952DAC9EE500B8DA78 /* GoogleAPIClientForREST_Gmail */ = {
			isa = XCSwiftPackageProductDependency;
			package = 3BCFF3942DAC9EE500B8DA78 /* XCRemoteSwiftPackageReference "google-api-objectivec-client-for-rest" */;
			productName = GoogleAPIClientForREST_Gmail;
		};
		3BCFF3982DAC9FEB00B8DA78 /* GoogleAPIClientForRESTCore */ = {
			isa = XCSwiftPackageProductDependency;
			package = 3BCFF3942DAC9EE500B8DA78 /* XCRemoteSwiftPackageReference "google-api-objectivec-client-for-rest" */;
			productName = GoogleAPIClientForRESTCore;
		};
		3BFC1F962DB72CBB00EC2063 /* Auth */ = {
			isa = XCSwiftPackageProductDependency;
			package = 3BFC1F952DB72CBB00EC2063 /* XCRemoteSwiftPackageReference "supabase-swift" */;
			productName = Auth;
		};
		3BFC1F982DB72CBB00EC2063 /* Functions */ = {
			isa = XCSwiftPackageProductDependency;
			package = 3BFC1F952DB72CBB00EC2063 /* XCRemoteSwiftPackageReference "supabase-swift" */;
			productName = Functions;
		};
		3BFC1F9A2DB72CBB00EC2063 /* PostgREST */ = {
			isa = XCSwiftPackageProductDependency;
			package = 3BFC1F952DB72CBB00EC2063 /* XCRemoteSwiftPackageReference "supabase-swift" */;
			productName = PostgREST;
		};
		3BFC1F9C2DB72CBB00EC2063 /* Realtime */ = {
			isa = XCSwiftPackageProductDependency;
			package = 3BFC1F952DB72CBB00EC2063 /* XCRemoteSwiftPackageReference "supabase-swift" */;
			productName = Realtime;
		};
		3BFC1F9E2DB72CBB00EC2063 /* Storage */ = {
			isa = XCSwiftPackageProductDependency;
			package = 3BFC1F952DB72CBB00EC2063 /* XCRemoteSwiftPackageReference "supabase-swift" */;
			productName = Storage;
		};
		3BFC1FA02DB72CBB00EC2063 /* Supabase */ = {
			isa = XCSwiftPackageProductDependency;
			package = 3BFC1F952DB72CBB00EC2063 /* XCRemoteSwiftPackageReference "supabase-swift" */;
			productName = Supabase;
		};
/* End XCSwiftPackageProductDependency section */
	};
	rootObject = 3B2C5D312DA62829009C50AA /* Project object */;
}
